
Microsoft Visual Studio Solution File, Format Version 12.00
# Visual Studio Version 16
VisualStudioVersion = 16.0.31424.327
MinimumVisualStudioVersion = 10.0.40219.1
Project("{FAE04EC0-301F-11D3-BF4B-00C04F79EFBC}") = "LookItUp", "LookItUp\LookItUp.csproj", "{E1DF1A5D-24AF-46AE-B52D-4208CDDA115C}"
EndProject
Global
	GlobalSection(SolutionConfigurationPlatforms) = preSolution
		Debug|Any CPU = Debug|Any CPU
		Release|Any CPU = Release|Any CPU
	EndGlobalSection
	GlobalSection(ProjectConfigurationPlatforms) = postSolution
		{E1DF1A5D-24AF-46AE-B52D-4208CDDA115C}.Debug|Any CPU.ActiveCfg = Debug|Any CPU
		{E1DF1A5D-24AF-46AE-B52D-4208CDDA115C}.Debug|Any CPU.Build.0 = Debug|Any CPU
		{E1DF1A5D-24AF-46AE-B52D-4208CDDA115C}.Release|Any CPU.ActiveCfg = Release|Any CPU
		{E1DF1A5D-24AF-46AE-B52D-4208CDDA115C}.Release|Any CPU.Build.0 = Release|Any CPU
	EndGlobalSection
	GlobalSection(SolutionProperties) = preSolution
		HideSolutionNode = FALSE
	EndGlobalSection
	GlobalSection(ExtensibilityGlobals) = postSolution
		SolutionGuid = {86C87AAA-9AED-41C0-A27C-47CAE3B23FE5}
	EndGlobalSection
EndGlobal
